// !$*UTF8*$!
{
	archiveVersion = 1;
	classes = {
	};
	objectVersion = 56;
	objects = {

/* Begin PBXBuildFile section */
		181C739B2B52DE02005966E9 /* IQKeyboardManagerSwift in Frameworks */ = {isa = PBXBuildFile; productRef = 181C739A2B52DE02005966E9 /* IQKeyboardManagerSwift */; };
		184D1FAC2B505A4100CF27CA /* Inter-Regular.ttf in Resources */ = {isa = PBXBuildFile; fileRef = 184D1FA32B505A4100CF27CA /* Inter-Regular.ttf */; };
		184D1FAD2B505A4100CF27CA /* Inter-ExtraLight.ttf in Resources */ = {isa = PBXBuildFile; fileRef = 184D1FA42B505A4100CF27CA /* Inter-ExtraLight.ttf */; };
		184D1FAE2B505A4100CF27CA /* Inter-Thin.ttf in Resources */ = {isa = PBXBuildFile; fileRef = 184D1FA52B505A4100CF27CA /* Inter-Thin.ttf */; };
		184D1FAF2B505A4100CF27CA /* Inter-Medium.ttf in Resources */ = {isa = PBXBuildFile; fileRef = 184D1FA62B505A4100CF27CA /* Inter-Medium.ttf */; };
		184D1FB02B505A4100CF27CA /* Inter-Bold.ttf in Resources */ = {isa = PBXBuildFile; fileRef = 184D1FA72B505A4100CF27CA /* Inter-Bold.ttf */; };
		184D1FB12B505A4100CF27CA /* Inter-Light.ttf in Resources */ = {isa = PBXBuildFile; fileRef = 184D1FA82B505A4100CF27CA /* Inter-Light.ttf */; };
		184D1FB22B505A4100CF27CA /* Inter-SemiBold.ttf in Resources */ = {isa = PBXBuildFile; fileRef = 184D1FA92B505A4100CF27CA /* Inter-SemiBold.ttf */; };
		184D1FB32B505A4100CF27CA /* Inter-ExtraBold.ttf in Resources */ = {isa = PBXBuildFile; fileRef = 184D1FAA2B505A4100CF27CA /* Inter-ExtraBold.ttf */; };
		184D1FB42B505A4100CF27CA /* Inter-Black.ttf in Resources */ = {isa = PBXBuildFile; fileRef = 184D1FAB2B505A4100CF27CA /* Inter-Black.ttf */; };
		184D1FB72B50602000CF27CA /* Colors.swift in Sources */ = {isa = PBXBuildFile; fileRef = 184D1FB62B50601F00CF27CA /* Colors.swift */; };
		186999C22B515E75006EEC2D /* SignUpVC.swift in Sources */ = {isa = PBXBuildFile; fileRef = 186999C12B515E75006EEC2D /* SignUpVC.swift */; };
		186999C72B51611B006EEC2D /* JVFloatLabeledTextField in Frameworks */ = {isa = PBXBuildFile; productRef = 186999C62B51611B006EEC2D /* JVFloatLabeledTextField */; };
		1887A75B2B5041AB00CCEA29 /* OnboardingTextCellCC.swift in Sources */ = {isa = PBXBuildFile; fileRef = 1887A7592B5041AB00CCEA29 /* OnboardingTextCellCC.swift */; };
		1887A75C2B5041AB00CCEA29 /* OnboardingTextCellCC.xib in Resources */ = {isa = PBXBuildFile; fileRef = 1887A75A2B5041AB00CCEA29 /* OnboardingTextCellCC.xib */; };
		18D0975C2B5028C500A8A5D6 /* AppDelegate.swift in Sources */ = {isa = PBXBuildFile; fileRef = 18D0975B2B5028C500A8A5D6 /* AppDelegate.swift */; };
		18D0975E2B5028C500A8A5D6 /* SceneDelegate.swift in Sources */ = {isa = PBXBuildFile; fileRef = 18D0975D2B5028C500A8A5D6 /* SceneDelegate.swift */; };
		18D097602B5028C500A8A5D6 /* OnboardingVC.swift in Sources */ = {isa = PBXBuildFile; fileRef = 18D0975F2B5028C500A8A5D6 /* OnboardingVC.swift */; };
		18D097632B5028C500A8A5D6 /* PreLogin.storyboard in Resources */ = {isa = PBXBuildFile; fileRef = 18D097612B5028C500A8A5D6 /* PreLogin.storyboard */; };
		18D097652B5028C600A8A5D6 /* Assets.xcassets in Resources */ = {isa = PBXBuildFile; fileRef = 18D097642B5028C600A8A5D6 /* Assets.xcassets */; };
		18D097682B5028C600A8A5D6 /* LaunchScreen.storyboard in Resources */ = {isa = PBXBuildFile; fileRef = 18D097662B5028C600A8A5D6 /* LaunchScreen.storyboard */; };
/* End PBXBuildFile section */

/* Begin PBXFileReference section */
		184D1FA32B505A4100CF27CA /* Inter-Regular.ttf */ = {isa = PBXFileReference; lastKnownFileType = file; path = "Inter-Regular.ttf"; sourceTree = "<group>"; };
		184D1FA42B505A4100CF27CA /* Inter-ExtraLight.ttf */ = {isa = PBXFileReference; lastKnownFileType = file; path = "Inter-ExtraLight.ttf"; sourceTree = "<group>"; };
		184D1FA52B505A4100CF27CA /* Inter-Thin.ttf */ = {isa = PBXFileReference; lastKnownFileType = file; path = "Inter-Thin.ttf"; sourceTree = "<group>"; };
		184D1FA62B505A4100CF27CA /* Inter-Medium.ttf */ = {isa = PBXFileReference; lastKnownFileType = file; path = "Inter-Medium.ttf"; sourceTree = "<group>"; };
		184D1FA72B505A4100CF27CA /* Inter-Bold.ttf */ = {isa = PBXFileReference; lastKnownFileType = file; path = "Inter-Bold.ttf"; sourceTree = "<group>"; };
		184D1FA82B505A4100CF27CA /* Inter-Light.ttf */ = {isa = PBXFileReference; lastKnownFileType = file; path = "Inter-Light.ttf"; sourceTree = "<group>"; };
		184D1FA92B505A4100CF27CA /* Inter-SemiBold.ttf */ = {isa = PBXFileReference; lastKnownFileType = file; path = "Inter-SemiBold.ttf"; sourceTree = "<group>"; };
		184D1FAA2B505A4100CF27CA /* Inter-ExtraBold.ttf */ = {isa = PBXFileReference; lastKnownFileType = file; path = "Inter-ExtraBold.ttf"; sourceTree = "<group>"; };
		184D1FAB2B505A4100CF27CA /* Inter-Black.ttf */ = {isa = PBXFileReference; lastKnownFileType = file; path = "Inter-Black.ttf"; sourceTree = "<group>"; };
		184D1FB62B50601F00CF27CA /* Colors.swift */ = {isa = PBXFileReference; lastKnownFileType = sourcecode.swift; path = Colors.swift; sourceTree = "<group>"; };
		186999C12B515E75006EEC2D /* SignUpVC.swift */ = {isa = PBXFileReference; lastKnownFileType = sourcecode.swift; path = SignUpVC.swift; sourceTree = "<group>"; };
		1887A7592B5041AB00CCEA29 /* OnboardingTextCellCC.swift */ = {isa = PBXFileReference; lastKnownFileType = sourcecode.swift; path = OnboardingTextCellCC.swift; sourceTree = "<group>"; };
		1887A75A2B5041AB00CCEA29 /* OnboardingTextCellCC.xib */ = {isa = PBXFileReference; lastKnownFileType = file.xib; path = OnboardingTextCellCC.xib; sourceTree = "<group>"; };
		18D097582B5028C500A8A5D6 /* Brees.app */ = {isa = PBXFileReference; explicitFileType = wrapper.application; includeInIndex = 0; path = Brees.app; sourceTree = BUILT_PRODUCTS_DIR; };
		18D0975B2B5028C500A8A5D6 /* AppDelegate.swift */ = {isa = PBXFileReference; lastKnownFileType = sourcecode.swift; path = AppDelegate.swift; sourceTree = "<group>"; };
		18D0975D2B5028C500A8A5D6 /* SceneDelegate.swift */ = {isa = PBXFileReference; lastKnownFileType = sourcecode.swift; path = SceneDelegate.swift; sourceTree = "<group>"; };
		18D0975F2B5028C500A8A5D6 /* OnboardingVC.swift */ = {isa = PBXFileReference; lastKnownFileType = sourcecode.swift; path = OnboardingVC.swift; sourceTree = "<group>"; };
		18D097622B5028C500A8A5D6 /* Base */ = {isa = PBXFileReference; lastKnownFileType = file.storyboard; name = Base; path = Base.lproj/PreLogin.storyboard; sourceTree = "<group>"; };
		18D097642B5028C600A8A5D6 /* Assets.xcassets */ = {isa = PBXFileReference; lastKnownFileType = folder.assetcatalog; path = Assets.xcassets; sourceTree = "<group>"; };
		18D097672B5028C600A8A5D6 /* Base */ = {isa = PBXFileReference; lastKnownFileType = file.storyboard; name = Base; path = Base.lproj/LaunchScreen.storyboard; sourceTree = "<group>"; };
		18D097692B5028C600A8A5D6 /* Info.plist */ = {isa = PBXFileReference; lastKnownFileType = text.plist.xml; path = Info.plist; sourceTree = "<group>"; };
/* End PBXFileReference section */

/* Begin PBXFrameworksBuildPhase section */
		18D097552B5028C500A8A5D6 /* Frameworks */ = {
			isa = PBXFrameworksBuildPhase;
			buildActionMask = 2147483647;
			files = (
				186999C72B51611B006EEC2D /* JVFloatLabeledTextField in Frameworks */,
				181C739B2B52DE02005966E9 /* IQKeyboardManagerSwift in Frameworks */,
			);
			runOnlyForDeploymentPostprocessing = 0;
		};
/* End PBXFrameworksBuildPhase section */

/* Begin PBXGroup section */
		184D1FB52B505A5000CF27CA /* Fonts */ = {
			isa = PBXGroup;
			children = (
				184D1FA92B505A4100CF27CA /* Inter-SemiBold.ttf */,
				184D1FAB2B505A4100CF27CA /* Inter-Black.ttf */,
				184D1FA72B505A4100CF27CA /* Inter-Bold.ttf */,
				184D1FAA2B505A4100CF27CA /* Inter-ExtraBold.ttf */,
				184D1FA42B505A4100CF27CA /* Inter-ExtraLight.ttf */,
				184D1FA82B505A4100CF27CA /* Inter-Light.ttf */,
				184D1FA62B505A4100CF27CA /* Inter-Medium.ttf */,
				184D1FA32B505A4100CF27CA /* Inter-Regular.ttf */,
				184D1FA52B505A4100CF27CA /* Inter-Thin.ttf */,
			);
			path = Fonts;
			sourceTree = "<group>";
		};
		186999C32B515E7C006EEC2D /* Onboarding */ = {
			isa = PBXGroup;
			children = (
				18D0975F2B5028C500A8A5D6 /* OnboardingVC.swift */,
				1887A7582B50402700CCEA29 /* Xibs */,
			);
			path = Onboarding;
			sourceTree = "<group>";
		};
		186999C42B515E88006EEC2D /* SignUp */ = {
			isa = PBXGroup;
			children = (
				186999C12B515E75006EEC2D /* SignUpVC.swift */,
			);
			path = SignUp;
			sourceTree = "<group>";
		};
		1887A74D2B50303800CCEA29 /* Recources */ = {
			isa = PBXGroup;
			children = (
				184D1FB52B505A5000CF27CA /* Fonts */,
				18D097642B5028C600A8A5D6 /* Assets.xcassets */,
				184D1FB62B50601F00CF27CA /* Colors.swift */,
				18D097662B5028C600A8A5D6 /* LaunchScreen.storyboard */,
			);
			path = Recources;
			sourceTree = "<group>";
		};
		1887A7502B5031A800CCEA29 /* Modules */ = {
			isa = PBXGroup;
			children = (
				1887A7512B5031B200CCEA29 /* PreLogin */,
			);
			path = Modules;
			sourceTree = "<group>";
		};
		1887A7512B5031B200CCEA29 /* PreLogin */ = {
			isa = PBXGroup;
			children = (
				186999C32B515E7C006EEC2D /* Onboarding */,
				186999C42B515E88006EEC2D /* SignUp */,
			);
			path = PreLogin;
			sourceTree = "<group>";
		};
		1887A7522B5031B800CCEA29 /* Storyboards */ = {
			isa = PBXGroup;
			children = (
				18D097612B5028C500A8A5D6 /* PreLogin.storyboard */,
			);
			path = Storyboards;
			sourceTree = "<group>";
		};
		1887A7532B5031E100CCEA29 /* App Manager */ = {
			isa = PBXGroup;
			children = (
				18D0975B2B5028C500A8A5D6 /* AppDelegate.swift */,
				18D0975D2B5028C500A8A5D6 /* SceneDelegate.swift */,
			);
			path = "App Manager";
			sourceTree = "<group>";
		};
		1887A7582B50402700CCEA29 /* Xibs */ = {
			isa = PBXGroup;
			children = (
				1887A7592B5041AB00CCEA29 /* OnboardingTextCellCC.swift */,
				1887A75A2B5041AB00CCEA29 /* OnboardingTextCellCC.xib */,
			);
			path = Xibs;
			sourceTree = "<group>";
		};
		18D0974F2B5028C500A8A5D6 = {
			isa = PBXGroup;
			children = (
				18D0975A2B5028C500A8A5D6 /* Brees */,
				18D097592B5028C500A8A5D6 /* Products */,
			);
			sourceTree = "<group>";
		};
		18D097592B5028C500A8A5D6 /* Products */ = {
			isa = PBXGroup;
			children = (
				18D097582B5028C500A8A5D6 /* Brees.app */,
			);
			name = Products;
			sourceTree = "<group>";
		};
		18D0975A2B5028C500A8A5D6 /* Brees */ = {
			isa = PBXGroup;
			children = (
				1887A7532B5031E100CCEA29 /* App Manager */,
				1887A7502B5031A800CCEA29 /* Modules */,
				1887A7522B5031B800CCEA29 /* Storyboards */,
				1887A74D2B50303800CCEA29 /* Recources */,
				18D097692B5028C600A8A5D6 /* Info.plist */,
			);
			path = Brees;
			sourceTree = "<group>";
		};
/* End PBXGroup section */

/* Begin PBXNativeTarget section */
		18D097572B5028C500A8A5D6 /* Brees */ = {
			isa = PBXNativeTarget;
			buildConfigurationList = 18D0976C2B5028C600A8A5D6 /* Build configuration list for PBXNativeTarget "Brees" */;
			buildPhases = (
				18D097542B5028C500A8A5D6 /* Sources */,
				18D097552B5028C500A8A5D6 /* Frameworks */,
				18D097562B5028C500A8A5D6 /* Resources */,
			);
			buildRules = (
			);
			dependencies = (
			);
			name = Brees;
			packageProductDependencies = (
				186999C62B51611B006EEC2D /* JVFloatLabeledTextField */,
				181C739A2B52DE02005966E9 /* IQKeyboardManagerSwift */,
			);
			productName = Brees;
			productReference = 18D097582B5028C500A8A5D6 /* Brees.app */;
			productType = "com.apple.product-type.application";
		};
/* End PBXNativeTarget section */

/* Begin PBXProject section */
		18D097502B5028C500A8A5D6 /* Project object */ = {
			isa = PBXProject;
			attributes = {
				BuildIndependentTargetsInParallel = 1;
				LastSwiftUpdateCheck = 1500;
				LastUpgradeCheck = 1500;
				TargetAttributes = {
					18D097572B5028C500A8A5D6 = {
						CreatedOnToolsVersion = 15.0;
					};
				};
			};
			buildConfigurationList = 18D097532B5028C500A8A5D6 /* Build configuration list for PBXProject "Brees" */;
			compatibilityVersion = "Xcode 14.0";
			developmentRegion = en;
			hasScannedForEncodings = 0;
			knownRegions = (
				en,
				Base,
			);
			mainGroup = 18D0974F2B5028C500A8A5D6;
			packageReferences = (
				186999C52B51611A006EEC2D /* XCRemoteSwiftPackageReference "JVFloatLabeledTextField" */,
				181C73992B52DE02005966E9 /* XCRemoteSwiftPackageReference "IQKeyboardManager" */,
			);
			productRefGroup = 18D097592B5028C500A8A5D6 /* Products */;
			projectDirPath = "";
			projectRoot = "";
			targets = (
				18D097572B5028C500A8A5D6 /* Brees */,
			);
		};
/* End PBXProject section */

/* Begin PBXResourcesBuildPhase section */
		18D097562B5028C500A8A5D6 /* Resources */ = {
			isa = PBXResourcesBuildPhase;
			buildActionMask = 2147483647;
			files = (
				184D1FB12B505A4100CF27CA /* Inter-Light.ttf in Resources */,
				18D097682B5028C600A8A5D6 /* LaunchScreen.storyboard in Resources */,
				184D1FAD2B505A4100CF27CA /* Inter-ExtraLight.ttf in Resources */,
				184D1FB22B505A4100CF27CA /* Inter-SemiBold.ttf in Resources */,
				184D1FAC2B505A4100CF27CA /* Inter-Regular.ttf in Resources */,
				184D1FB02B505A4100CF27CA /* Inter-Bold.ttf in Resources */,
				184D1FB42B505A4100CF27CA /* Inter-Black.ttf in Resources */,
				1887A75C2B5041AB00CCEA29 /* OnboardingTextCellCC.xib in Resources */,
				184D1FAF2B505A4100CF27CA /* Inter-Medium.ttf in Resources */,
				18D097652B5028C600A8A5D6 /* Assets.xcassets in Resources */,
				18D097632B5028C500A8A5D6 /* PreLogin.storyboard in Resources */,
				184D1FAE2B505A4100CF27CA /* Inter-Thin.ttf in Resources */,
				184D1FB32B505A4100CF27CA /* Inter-ExtraBold.ttf in Resources */,
			);
			runOnlyForDeploymentPostprocessing = 0;
		};
/* End PBXResourcesBuildPhase section */

/* Begin PBXSourcesBuildPhase section */
		18D097542B5028C500A8A5D6 /* Sources */ = {
			isa = PBXSourcesBuildPhase;
			buildActionMask = 2147483647;
			files = (
				18D097602B5028C500A8A5D6 /* OnboardingVC.swift in Sources */,
				184D1FB72B50602000CF27CA /* Colors.swift in Sources */,
				18D0975C2B5028C500A8A5D6 /* AppDelegate.swift in Sources */,
				18D0975E2B5028C500A8A5D6 /* SceneDelegate.swift in Sources */,
				186999C22B515E75006EEC2D /* SignUpVC.swift in Sources */,
				1887A75B2B5041AB00CCEA29 /* OnboardingTextCellCC.swift in Sources */,
			);
			runOnlyForDeploymentPostprocessing = 0;
		};
/* End PBXSourcesBuildPhase section */

/* Begin PBXVariantGroup section */
		18D097612B5028C500A8A5D6 /* PreLogin.storyboard */ = {
			isa = PBXVariantGroup;
			children = (
				18D097622B5028C500A8A5D6 /* Base */,
			);
			name = PreLogin.storyboard;
			sourceTree = "<group>";
		};
		18D097662B5028C600A8A5D6 /* LaunchScreen.storyboard */ = {
			isa = PBXVariantGroup;
			children = (
				18D097672B5028C600A8A5D6 /* Base */,
			);
			name = LaunchScreen.storyboard;
			sourceTree = "<group>";
		};
/* End PBXVariantGroup section */

/* Begin XCBuildConfiguration section */
		18D0976A2B5028C600A8A5D6 /* Debug */ = {
			isa = XCBuildConfiguration;
			buildSettings = {
				ALWAYS_SEARCH_USER_PATHS = NO;
				ASSETCATALOG_COMPILER_GENERATE_SWIFT_ASSET_SYMBOL_EXTENSIONS = YES;
				CLANG_ANALYZER_NONNULL = YES;
				CLANG_ANALYZER_NUMBER_OBJECT_CONVERSION = YES_AGGRESSIVE;
				CLANG_CXX_LANGUAGE_STANDARD = "gnu++20";
				CLANG_ENABLE_MODULES = YES;
				CLANG_ENABLE_OBJC_ARC = YES;
				CLANG_ENABLE_OBJC_WEAK = YES;
				CLANG_WARN_BLOCK_CAPTURE_AUTORELEASING = YES;
				CLANG_WARN_BOOL_CONVERSION = YES;
				CLANG_WARN_COMMA = YES;
				CLANG_WARN_CONSTANT_CONVERSION = YES;
				CLANG_WARN_DEPRECATED_OBJC_IMPLEMENTATIONS = YES;
				CLANG_WARN_DIRECT_OBJC_ISA_USAGE = YES_ERROR;
				CLANG_WARN_DOCUMENTATION_COMMENTS = YES;
				CLANG_WARN_EMPTY_BODY = YES;
				CLANG_WARN_ENUM_CONVERSION = YES;
				CLANG_WARN_INFINITE_RECURSION = YES;
				CLANG_WARN_INT_CONVERSION = YES;
				CLANG_WARN_NON_LITERAL_NULL_CONVERSION = YES;
				CLANG_WARN_OBJC_IMPLICIT_RETAIN_SELF = YES;
				CLANG_WARN_OBJC_LITERAL_CONVERSION = YES;
				CLANG_WARN_OBJC_ROOT_CLASS = YES_ERROR;
				CLANG_WARN_QUOTED_INCLUDE_IN_FRAMEWORK_HEADER = YES;
				CLANG_WARN_RANGE_LOOP_ANALYSIS = YES;
				CLANG_WARN_STRICT_PROTOTYPES = YES;
				CLANG_WARN_SUSPICIOUS_MOVE = YES;
				CLANG_WARN_UNGUARDED_AVAILABILITY = YES_AGGRESSIVE;
				CLANG_WARN_UNREACHABLE_CODE = YES;
				CLANG_WARN__DUPLICATE_METHOD_MATCH = YES;
				COPY_PHASE_STRIP = NO;
				DEBUG_INFORMATION_FORMAT = dwarf;
				ENABLE_STRICT_OBJC_MSGSEND = YES;
				ENABLE_TESTABILITY = YES;
				ENABLE_USER_SCRIPT_SANDBOXING = YES;
				GCC_C_LANGUAGE_STANDARD = gnu17;
				GCC_DYNAMIC_NO_PIC = NO;
				GCC_NO_COMMON_BLOCKS = YES;
				GCC_OPTIMIZATION_LEVEL = 0;
				GCC_PREPROCESSOR_DEFINITIONS = (
					"DEBUG=1",
					"$(inherited)",
				);
				GCC_WARN_64_TO_32_BIT_CONVERSION = YES;
				GCC_WARN_ABOUT_RETURN_TYPE = YES_ERROR;
				GCC_WARN_UNDECLARED_SELECTOR = YES;
				GCC_WARN_UNINITIALIZED_AUTOS = YES_AGGRESSIVE;
				GCC_WARN_UNUSED_FUNCTION = YES;
				GCC_WARN_UNUSED_VARIABLE = YES;
				IPHONEOS_DEPLOYMENT_TARGET = 17.0;
				LOCALIZATION_PREFERS_STRING_CATALOGS = YES;
				MTL_ENABLE_DEBUG_INFO = INCLUDE_SOURCE;
				MTL_FAST_MATH = YES;
				ONLY_ACTIVE_ARCH = YES;
				SDKROOT = iphoneos;
				SWIFT_ACTIVE_COMPILATION_CONDITIONS = "DEBUG $(inherited)";
				SWIFT_OPTIMIZATION_LEVEL = "-Onone";
			};
			name = Debug;
		};
		18D0976B2B5028C600A8A5D6 /* Release */ = {
			isa = XCBuildConfiguration;
			buildSettings = {
				ALWAYS_SEARCH_USER_PATHS = NO;
				ASSETCATALOG_COMPILER_GENERATE_SWIFT_ASSET_SYMBOL_EXTENSIONS = YES;
				CLANG_ANALYZER_NONNULL = YES;
				CLANG_ANALYZER_NUMBER_OBJECT_CONVERSION = YES_AGGRESSIVE;
				CLANG_CXX_LANGUAGE_STANDARD = "gnu++20";
				CLANG_ENABLE_MODULES = YES;
				CLANG_ENABLE_OBJC_ARC = YES;
				CLANG_ENABLE_OBJC_WEAK = YES;
				CLANG_WARN_BLOCK_CAPTURE_AUTORELEASING = YES;
				CLANG_WARN_BOOL_CONVERSION = YES;
				CLANG_WARN_COMMA = YES;
				CLANG_WARN_CONSTANT_CONVERSION = YES;
				CLANG_WARN_DEPRECATED_OBJC_IMPLEMENTATIONS = YES;
				CLANG_WARN_DIRECT_OBJC_ISA_USAGE = YES_ERROR;
				CLANG_WARN_DOCUMENTATION_COMMENTS = YES;
				CLANG_WARN_EMPTY_BODY = YES;
				CLANG_WARN_ENUM_CONVERSION = YES;
				CLANG_WARN_INFINITE_RECURSION = YES;
				CLANG_WARN_INT_CONVERSION = YES;
				CLANG_WARN_NON_LITERAL_NULL_CONVERSION = YES;
				CLANG_WARN_OBJC_IMPLICIT_RETAIN_SELF = YES;
				CLANG_WARN_OBJC_LITERAL_CONVERSION = YES;
				CLANG_WARN_OBJC_ROOT_CLASS = YES_ERROR;
				CLANG_WARN_QUOTED_INCLUDE_IN_FRAMEWORK_HEADER = YES;
				CLANG_WARN_RANGE_LOOP_ANALYSIS = YES;
				CLANG_WARN_STRICT_PROTOTYPES = YES;
				CLANG_WARN_SUSPICIOUS_MOVE = YES;
				CLANG_WARN_UNGUARDED_AVAILABILITY = YES_AGGRESSIVE;
				CLANG_WARN_UNREACHABLE_CODE = YES;
				CLANG_WARN__DUPLICATE_METHOD_MATCH = YES;
				COPY_PHASE_STRIP = NO;
				DEBUG_INFORMATION_FORMAT = "dwarf-with-dsym";
				ENABLE_NS_ASSERTIONS = NO;
				ENABLE_STRICT_OBJC_MSGSEND = YES;
				ENABLE_USER_SCRIPT_SANDBOXING = YES;
				GCC_C_LANGUAGE_STANDARD = gnu17;
				GCC_NO_COMMON_BLOCKS = YES;
				GCC_WARN_64_TO_32_BIT_CONVERSION = YES;
				GCC_WARN_ABOUT_RETURN_TYPE = YES_ERROR;
				GCC_WARN_UNDECLARED_SELECTOR = YES;
				GCC_WARN_UNINITIALIZED_AUTOS = YES_AGGRESSIVE;
				GCC_WARN_UNUSED_FUNCTION = YES;
				GCC_WARN_UNUSED_VARIABLE = YES;
				IPHONEOS_DEPLOYMENT_TARGET = 17.0;
				LOCALIZATION_PREFERS_STRING_CATALOGS = YES;
				MTL_ENABLE_DEBUG_INFO = NO;
				MTL_FAST_MATH = YES;
				SDKROOT = iphoneos;
				SWIFT_COMPILATION_MODE = wholemodule;
				VALIDATE_PRODUCT = YES;
			};
			name = Release;
		};
		18D0976D2B5028C600A8A5D6 /* Debug */ = {
			isa = XCBuildConfiguration;
			buildSettings = {
				ASSETCATALOG_COMPILER_APPICON_NAME = AppIcon;
				ASSETCATALOG_COMPILER_GLOBAL_ACCENT_COLOR_NAME = AccentColor;
				CODE_SIGN_STYLE = Automatic;
				CURRENT_PROJECT_VERSION = 1;
				DEVELOPMENT_TEAM = U4D48PAUT3;
				GENERATE_INFOPLIST_FILE = YES;
				INFOPLIST_FILE = Brees/Info.plist;
				INFOPLIST_KEY_UIApplicationSupportsIndirectInputEvents = YES;
				INFOPLIST_KEY_UILaunchStoryboardName = LaunchScreen;
				INFOPLIST_KEY_UIMainStoryboardFile = PreLogin;
				INFOPLIST_KEY_UISupportedInterfaceOrientations_iPad = "UIInterfaceOrientationPortrait UIInterfaceOrientationPortraitUpsideDown UIInterfaceOrientationLandscapeLeft UIInterfaceOrientationLandscapeRight";
				INFOPLIST_KEY_UISupportedInterfaceOrientations_iPhone = "UIInterfaceOrientationPortrait UIInterfaceOrientationLandscapeLeft UIInterfaceOrientationLandscapeRight";
				LD_RUNPATH_SEARCH_PATHS = (
					"$(inherited)",
					"@executable_path/Frameworks",
				);
				MARKETING_VERSION = 1.0;
				PRODUCT_BUNDLE_IDENTIFIER = com.rishabhsharma.Brees;
				PRODUCT_NAME = "$(TARGET_NAME)";
				SWIFT_EMIT_LOC_STRINGS = YES;
				SWIFT_VERSION = 5.0;
				TARGETED_DEVICE_FAMILY = "1,2";
			};
			name = Debug;
		};
		18D0976E2B5028C600A8A5D6 /* Release */ = {
			isa = XCBuildConfiguration;
			buildSettings = {
				ASSETCATALOG_COMPILER_APPICON_NAME = AppIcon;
				ASSETCATALOG_COMPILER_GLOBAL_ACCENT_COLOR_NAME = AccentColor;
				CODE_SIGN_STYLE = Automatic;
				CURRENT_PROJECT_VERSION = 1;
				DEVELOPMENT_TEAM = U4D48PAUT3;
				GENERATE_INFOPLIST_FILE = YES;
				INFOPLIST_FILE = Brees/Info.plist;
				INFOPLIST_KEY_UIApplicationSupportsIndirectInputEvents = YES;
				INFOPLIST_KEY_UILaunchStoryboardName = LaunchScreen;
				INFOPLIST_KEY_UIMainStoryboardFile = PreLogin;
				INFOPLIST_KEY_UISupportedInterfaceOrientations_iPad = "UIInterfaceOrientationPortrait UIInterfaceOrientationPortraitUpsideDown UIInterfaceOrientationLandscapeLeft UIInterfaceOrientationLandscapeRight";
				INFOPLIST_KEY_UISupportedInterfaceOrientations_iPhone = "UIInterfaceOrientationPortrait UIInterfaceOrientationLandscapeLeft UIInterfaceOrientationLandscapeRight";
				LD_RUNPATH_SEARCH_PATHS = (
					"$(inherited)",
					"@executable_path/Frameworks",
				);
				MARKETING_VERSION = 1.0;
				PRODUCT_BUNDLE_IDENTIFIER = com.rishabhsharma.Brees;
				PRODUCT_NAME = "$(TARGET_NAME)";
				SWIFT_EMIT_LOC_STRINGS = YES;
				SWIFT_VERSION = 5.0;
				TARGETED_DEVICE_FAMILY = "1,2";
			};
			name = Release;
		};
/* End XCBuildConfiguration section */

/* Begin XCConfigurationList section */
		18D097532B5028C500A8A5D6 /* Build configuration list for PBXProject "Brees" */ = {
			isa = XCConfigurationList;
			buildConfigurations = (
				18D0976A2B5028C600A8A5D6 /* Debug */,
				18D0976B2B5028C600A8A5D6 /* Release */,
			);
			defaultConfigurationIsVisible = 0;
			defaultConfigurationName = Release;
		};
		18D0976C2B5028C600A8A5D6 /* Build configuration list for PBXNativeTarget "Brees" */ = {
			isa = XCConfigurationList;
			buildConfigurations = (
				18D0976D2B5028C600A8A5D6 /* Debug */,
				18D0976E2B5028C600A8A5D6 /* Release */,
			);
			defaultConfigurationIsVisible = 0;
			defaultConfigurationName = Release;
		};
/* End XCConfigurationList section */

/* Begin XCRemoteSwiftPackageReference section */
		181C73992B52DE02005966E9 /* XCRemoteSwiftPackageReference "IQKeyboardManager" */ = {
			isa = XCRemoteSwiftPackageReference;
			repositoryURL = "https://github.com/hackiftekhar/IQKeyboardManager.git";
			requirement = {
				kind = upToNextMajorVersion;
				minimumVersion = 7.0.0;
			};
		};
		186999C52B51611A006EEC2D /* XCRemoteSwiftPackageReference "JVFloatLabeledTextField" */ = {
			isa = XCRemoteSwiftPackageReference;
			repositoryURL = "https://github.com/jverdi/JVFloatLabeledTextField";
			requirement = {
				kind = upToNextMajorVersion;
				minimumVersion = 1.2.5;
			};
		};
/* End XCRemoteSwiftPackageReference section */

/* Begin XCSwiftPackageProductDependency section */
		181C739A2B52DE02005966E9 /* IQKeyboardManagerSwift */ = {
			isa = XCSwiftPackageProductDependency;
			package = 181C73992B52DE02005966E9 /* XCRemoteSwiftPackageReference "IQKeyboardManager" */;
			productName = IQKeyboardManagerSwift;
		};
		186999C62B51611B006EEC2D /* JVFloatLabeledTextField */ = {
			isa = XCSwiftPackageProductDependency;
			package = 186999C52B51611A006EEC2D /* XCRemoteSwiftPackageReference "JVFloatLabeledTextField" */;
			productName = JVFloatLabeledTextField;
		};
/* End XCSwiftPackageProductDependency section */
	};
	rootObject = 18D097502B5028C500A8A5D6 /* Project object */;
}
